<?xml version="1.0" encoding="UTF-8"?>
<Scheme
   LastUpgradeVersion = "1510"
   version = "1.7">
   <BuildAction
      parallelizeBuildables = "YES"
      buildImplicitDependencies = "YES">
      <PostActions>
         <ExecutionAction
            ActionType = "Xcode.IDEStandardExecutionActionsCore.ExecutionActionType.ShellScriptAction">
            <ActionContent
               title = "Run Script"
               scriptText = "&#10;">
            </ActionContent>
         </ExecutionAction>
      </PostActions>
      <BuildActionEntries>
         <BuildActionEntry
            buildForTesting = "YES"
            buildForRunning = "YES"
            buildForProfiling = "YES"
            buildForArchiving = "YES"
            buildForAnalyzing = "YES">
            <BuildableReference
               BuildableIdentifier = "primary"
               BlueprintIdentifier = "C7175EC82B84A8D4006B5291"
               BuildableName = "crShaders-GLSL"
               BlueprintName = "crShaders-GLSL"
               ReferencedContainer = "container:crShaders.xcodeproj">
            </BuildableReference>
         </BuildActionEntry>
      </BuildActionEntries>
   </BuildAction>
   <TestAction
      buildConfiguration = "Debug"
      selectedDebuggerIdentifier = "Xcode.DebuggerFoundation.Debugger.LLDB"
      selectedLauncherIdentifier = "Xcode.DebuggerFoundation.Launcher.LLDB"
      shouldUseLaunchSchemeArgsEnv = "YES"
      shouldAutocreateTestPlan = "YES">
   </TestAction>
   <LaunchAction
      buildConfiguration = "Debug"
      selectedDebuggerIdentifier = "Xcode.DebuggerFoundation.Debugger.LLDB"
      selectedLauncherIdentifier = "Xcode.DebuggerFoundation.Launcher.LLDB"
      launchStyle = "0"
      useCustomWorkingDirectory = "NO"
      ignoresPersistentStateOnLaunch = "NO"
      debugDocumentVersioning = "YES"
      debugServiceExtension = "internal"
      allowLocationSimulation = "YES"
      viewDebuggingEnabled = "No">
      <BuildableProductRunnable
         runnableDebuggingMode = "0">
         <BuildableReference
            BuildableIdentifier = "primary"
            BlueprintIdentifier = "C7175EC82B84A8D4006B5291"
            BuildableName = "crShaders-GLSL"
            BlueprintName = "crShaders-GLSL"
            ReferencedContainer = "container:crShaders.xcodeproj">
         </BuildableReference>
      </BuildableProductRunnable>
      <CommandLineArguments>
         <CommandLineArgument
            argument = "${SRCROOT}/crShaders/glsl/cr_gbuffer.es2.vert.glsl"
            isEnabled = "YES">
         </CommandLineArgument>
         <CommandLineArgument
            argument = "${SRCROOT}/crShaders/glsl/cr_gbuffer.es2.frag.glsl"
            isEnabled = "YES">
         </CommandLineArgument>
         <CommandLineArgument
            argument = "${SRCROOT}/crShaders/glsl/cr_mesh_vbo.es2.vert.glsl"
            isEnabled = "YES">
         </CommandLineArgument>
         <CommandLineArgument
            argument = "${SRCROOT}/crShaders/glsl/cr_mesh_vbo.es2.frag.glsl"
            isEnabled = "YES">
         </CommandLineArgument>
         <CommandLineArgument
            argument = "${SRCROOT}/crShaders/glsl/cr_environment.es2.vert.glsl"
            isEnabled = "YES">
         </CommandLineArgument>
         <CommandLineArgument
            argument = "${SRCROOT}/crShaders/glsl/cr_environment.es2.frag.glsl"
            isEnabled = "YES">
         </CommandLineArgument>
         <CommandLineArgument
            argument = "${SRCROOT}/crShaders/glsl/cr_atm_scattering.es2.frag.glsl"
            isEnabled = "YES">
         </CommandLineArgument>
         <CommandLineArgument
            argument = "${SRCROOT}/crShaders/glsl/cr_atm_sky_view.es2.frag.glsl"
            isEnabled = "YES">
         </CommandLineArgument>
         <CommandLineArgument
            argument = "${SRCROOT}/crShaders/glsl/cr_atm_transmittance.es2.frag.glsl"
            isEnabled = "YES">
         </CommandLineArgument>
      </CommandLineArguments>
   </LaunchAction>
   <ProfileAction
      buildConfiguration = "Release"
      shouldUseLaunchSchemeArgsEnv = "YES"
      savedToolIdentifier = ""
      useCustomWorkingDirectory = "NO"
      debugDocumentVersioning = "YES">
      <BuildableProductRunnable
         runnableDebuggingMode = "0">
         <BuildableReference
            BuildableIdentifier = "primary"
            BlueprintIdentifier = "C7175EC82B84A8D4006B5291"
            BuildableName = "crShaders-GLSL"
            BlueprintName = "crShaders-GLSL"
            ReferencedContainer = "container:crShaders.xcodeproj">
         </BuildableReference>
      </BuildableProductRunnable>
   </ProfileAction>
   <AnalyzeAction
      buildConfiguration = "Debug">
   </AnalyzeAction>
   <ArchiveAction
      buildConfiguration = "Release"
      revealArchiveInOrganizer = "YES">
   </ArchiveAction>
</Scheme>
